
Microsoft Visual Studio Solution File, Format Version 12.00
# Visual Studio Version 16
VisualStudioVersion = 16.0.29009.5
MinimumVisualStudioVersion = 10.0.40219.1
Project("{FAE04EC0-301F-11D3-BF4B-00C04F79EFBC}") = "SammysAuto", "SammysAuto\SammysAuto.csproj", "{1F22C997-BE74-4D54-B4A6-851059FB33DF}"
EndProject
Global
	GlobalSection(SolutionConfigurationPlatforms) = preSolution
		Debug|Any CPU = Debug|Any CPU
		Release|Any CPU = Release|Any CPU
	EndGlobalSection
	GlobalSection(ProjectConfigurationPlatforms) = postSolution
		{1F22C997-BE74-4D54-B4A6-851059FB33DF}.Debug|Any CPU.ActiveCfg = Debug|Any CPU
		{1F22C997-BE74-4D54-B4A6-851059FB33DF}.Debug|Any CPU.Build.0 = Debug|Any CPU
		{1F22C997-BE74-4D54-B4A6-851059FB33DF}.Release|Any CPU.ActiveCfg = Release|Any CPU
		{1F22C997-BE74-4D54-B4A6-851059FB33DF}.Release|Any CPU.Build.0 = Release|Any CPU
	EndGlobalSection
	GlobalSection(SolutionProperties) = preSolution
		HideSolutionNode = FALSE
	EndGlobalSection
	GlobalSection(ExtensibilityGlobals) = postSolution
		SolutionGuid = {35F35D23-FA98-4498-8C94-4247E331C95E}
	EndGlobalSection
EndGlobal
